// !$*UTF8*$!
{
	archiveVersion = 1;
	classes = {
	};
	objectVersion = 46;
	objects = {

/* Begin PBXBuildFile section */
		0B3BE6021AF921C200580B3F /* AppDelegate.swift in Sources */ = {isa = PBXBuildFile; fileRef = 0B3BE6011AF921C200580B3F /* AppDelegate.swift */; };
		0B3BE6041AF921C200580B3F /* ViewController.swift in Sources */ = {isa = PBXBuildFile; fileRef = 0B3BE6031AF921C200580B3F /* ViewController.swift */; };
		0B3BE6071AF921C200580B3F /* Main.storyboard in Resources */ = {isa = PBXBuildFile; fileRef = 0B3BE6051AF921C200580B3F /* Main.storyboard */; };
		0B3BE6091AF921C200580B3F /* Images.xcassets in Resources */ = {isa = PBXBuildFile; fileRef = 0B3BE6081AF921C200580B3F /* Images.xcassets */; };
		0B3BE60C1AF921C200580B3F /* LaunchScreen.xib in Resources */ = {isa = PBXBuildFile; fileRef = 0B3BE60A1AF921C200580B3F /* LaunchScreen.xib */; };
		0B3BE6181AF921C200580B3F /* CalculatorTests.swift in Sources */ = {isa = PBXBuildFile; fileRef = 0B3BE6171AF921C200580B3F /* CalculatorTests.swift */; };
/* End PBXBuildFile section */

/* Begin PBXContainerItemProxy section */
		0B3BE6121AF921C200580B3F /* PBXContainerItemProxy */ = {
			isa = PBXContainerItemProxy;
			containerPortal = 0B3BE5F41AF921C200580B3F /* Project object */;
			proxyType = 1;
			remoteGlobalIDString = 0B3BE5FB1AF921C200580B3F;
			remoteInfo = Calculator;
		};
/* End PBXContainerItemProxy section */

/* Begin PBXFileReference section */
		0B3BE5FC1AF921C200580B3F /* Calculator.app */ = {isa = PBXFileReference; explicitFileType = wrapper.application; includeInIndex = 0; path = Calculator.app; sourceTree = BUILT_PRODUCTS_DIR; };
		0B3BE6001AF921C200580B3F /* Info.plist */ = {isa = PBXFileReference; lastKnownFileType = text.plist.xml; path = Info.plist; sourceTree = "<group>"; };
		0B3BE6011AF921C200580B3F /* AppDelegate.swift */ = {isa = PBXFileReference; lastKnownFileType = sourcecode.swift; path = AppDelegate.swift; sourceTree = "<group>"; };
		0B3BE6031AF921C200580B3F /* ViewController.swift */ = {isa = PBXFileReference; lastKnownFileType = sourcecode.swift; path = ViewController.swift; sourceTree = "<group>"; };
		0B3BE6061AF921C200580B3F /* Base */ = {isa = PBXFileReference; lastKnownFileType = file.storyboard; name = Base; path = Base.lproj/Main.storyboard; sourceTree = "<group>"; };
		0B3BE6081AF921C200580B3F /* Images.xcassets */ = {isa = PBXFileReference; lastKnownFileType = folder.assetcatalog; path = Images.xcassets; sourceTree = "<group>"; };
		0B3BE60B1AF921C200580B3F /* Base */ = {isa = PBXFileReference; lastKnownFileType = file.xib; name = Base; path = Base.lproj/LaunchScreen.xib; sourceTree = "<group>"; };
		0B3BE6111AF921C200580B3F /* CalculatorTests.xctest */ = {isa = PBXFileReference; explicitFileType = wrapper.cfbundle; includeInIndex = 0; path = CalculatorTests.xctest; sourceTree = BUILT_PRODUCTS_DIR; };
		0B3BE6161AF921C200580B3F /* Info.plist */ = {isa = PBXFileReference; lastKnownFileType = text.plist.xml; path = Info.plist; sourceTree = "<group>"; };
		0B3BE6171AF921C200580B3F /* CalculatorTests.swift */ = {isa = PBXFileReference; lastKnownFileType = sourcecode.swift; path = CalculatorTests.swift; sourceTree = "<group>"; };
/* End PBXFileReference section */

/* Begin PBXFrameworksBuildPhase section */
		0B3BE5F91AF921C200580B3F /* Frameworks */ = {
			isa = PBXFrameworksBuildPhase;
			buildActionMask = 2147483647;
			files = (
			);
			runOnlyForDeploymentPostprocessing = 0;
		};
		0B3BE60E1AF921C200580B3F /* Frameworks */ = {
			isa = PBXFrameworksBuildPhase;
			buildActionMask = 2147483647;
			files = (
			);
			runOnlyForDeploymentPostprocessing = 0;
		};
/* End PBXFrameworksBuildPhase section */

/* Begin PBXGroup section */
		0B3BE5F31AF921C200580B3F = {
			isa = PBXGroup;
			children = (
				0B3BE5FE1AF921C200580B3F /* Calculator */,
				0B3BE6141AF921C200580B3F /* CalculatorTests */,
				0B3BE5FD1AF921C200580B3F /* Products */,
			);
			sourceTree = "<group>";
		};
		0B3BE5FD1AF921C200580B3F /* Products */ = {
			isa = PBXGroup;
			children = (
				0B3BE5FC1AF921C200580B3F /* Calculator.app */,
				0B3BE6111AF921C200580B3F /* CalculatorTests.xctest */,
			);
			name = Products;
			sourceTree = "<group>";
		};
		0B3BE5FE1AF921C200580B3F /* Calculator */ = {
			isa = PBXGroup;
			children = (
				0B3BE6031AF921C200580B3F /* ViewController.swift */,
				0B3BE6051AF921C200580B3F /* Main.storyboard */,
				0B3BE5FF1AF921C200580B3F /* Supporting Files */,
			);
			path = Calculator;
			sourceTree = "<group>";
		};
		0B3BE5FF1AF921C200580B3F /* Supporting Files */ = {
			isa = PBXGroup;
			children = (
				0B3BE6081AF921C200580B3F /* Images.xcassets */,
				0B3BE60A1AF921C200580B3F /* LaunchScreen.xib */,
				0B3BE6011AF921C200580B3F /* AppDelegate.swift */,
				0B3BE6001AF921C200580B3F /* Info.plist */,
			);
			name = "Supporting Files";
			sourceTree = "<group>";
		};
		0B3BE6141AF921C200580B3F /* CalculatorTests */ = {
			isa = PBXGroup;
			children = (
				0B3BE6171AF921C200580B3F /* CalculatorTests.swift */,
				0B3BE6151AF921C200580B3F /* Supporting Files */,
			);
			path = CalculatorTests;
			sourceTree = "<group>";
		};
		0B3BE6151AF921C200580B3F /* Supporting Files */ = {
			isa = PBXGroup;
			children = (
				0B3BE6161AF921C200580B3F /* Info.plist */,
			);
			name = "Supporting Files";
			sourceTree = "<group>";
		};
/* End PBXGroup section */

/* Begin PBXNativeTarget section */
		0B3BE5FB1AF921C200580B3F /* Calculator */ = {
			isa = PBXNativeTarget;
			buildConfigurationList = 0B3BE61B1AF921C200580B3F /* Build configuration list for PBXNativeTarget "Calculator" */;
			buildPhases = (
				0B3BE5F81AF921C200580B3F /* Sources */,
				0B3BE5F91AF921C200580B3F /* Frameworks */,
				0B3BE5FA1AF921C200580B3F /* Resources */,
			);
			buildRules = (
			);
			dependencies = (
			);
			name = Calculator;
			productName = Calculator;
			productReference = 0B3BE5FC1AF921C200580B3F /* Calculator.app */;
			productType = "com.apple.product-type.application";
		};
		0B3BE6101AF921C200580B3F /* CalculatorTests */ = {
			isa = PBXNativeTarget;
			buildConfigurationList = 0B3BE61E1AF921C200580B3F /* Build configuration list for PBXNativeTarget "CalculatorTests" */;
			buildPhases = (
				0B3BE60D1AF921C200580B3F /* Sources */,
				0B3BE60E1AF921C200580B3F /* Frameworks */,
				0B3BE60F1AF921C200580B3F /* Resources */,
			);
			buildRules = (
			);
			dependencies = (
				0B3BE6131AF921C200580B3F /* PBXTargetDependency */,
			);
			name = CalculatorTests;
			productName = CalculatorTests;
			productReference = 0B3BE6111AF921C200580B3F /* CalculatorTests.xctest */;
			productType = "com.apple.product-type.bundle.unit-test";
		};
/* End PBXNativeTarget section */

/* Begin PBXProject section */
		0B3BE5F41AF921C200580B3F /* Project object */ = {
			isa = PBXProject;
			attributes = {
				LastUpgradeCheck = 0630;
				ORGANIZATIONNAME = "Sam Winter";
				TargetAttributes = {
					0B3BE5FB1AF921C200580B3F = {
						CreatedOnToolsVersion = 6.3.1;
					};
					0B3BE6101AF921C200580B3F = {
						CreatedOnToolsVersion = 6.3.1;
						TestTargetID = 0B3BE5FB1AF921C200580B3F;
					};
				};
			};
			buildConfigurationList = 0B3BE5F71AF921C200580B3F /* Build configuration list for PBXProject "Calculator" */;
			compatibilityVersion = "Xcode 3.2";
			developmentRegion = English;
			hasScannedForEncodings = 0;
			knownRegions = (
				en,
				Base,
			);
			mainGroup = 0B3BE5F31AF921C200580B3F;
			productRefGroup = 0B3BE5FD1AF921C200580B3F /* Products */;
			projectDirPath = "";
			projectRoot = "";
			targets = (
				0B3BE5FB1AF921C200580B3F /* Calculator */,
				0B3BE6101AF921C200580B3F /* CalculatorTests */,
			);
		};
/* End PBXProject section */

/* Begin PBXResourcesBuildPhase section */
		0B3BE5FA1AF921C200580B3F /* Resources */ = {
			isa = PBXResourcesBuildPhase;
			buildActionMask = 2147483647;
			files = (
				0B3BE6071AF921C200580B3F /* Main.storyboard in Resources */,
				0B3BE60C1AF921C200580B3F /* LaunchScreen.xib in Resources */,
				0B3BE6091AF921C200580B3F /* Images.xcassets in Resources */,
			);
			runOnlyForDeploymentPostprocessing = 0;
		};
		0B3BE60F1AF921C200580B3F /* Resources */ = {
			isa = PBXResourcesBuildPhase;
			buildActionMask = 2147483647;
			files = (
			);
			runOnlyForDeploymentPostprocessing = 0;
		};
/* End PBXResourcesBuildPhase section */

/* Begin PBXSourcesBuildPhase section */
		0B3BE5F81AF921C200580B3F /* Sources */ = {
			isa = PBXSourcesBuildPhase;
			buildActionMask = 2147483647;
			files = (
				0B3BE6041AF921C200580B3F /* ViewController.swift in Sources */,
				0B3BE6021AF921C200580B3F /* AppDelegate.swift in Sources */,
			);
			runOnlyForDeploymentPostprocessing = 0;
		};
		0B3BE60D1AF921C200580B3F /* Sources */ = {
			isa = PBXSourcesBuildPhase;
			buildActionMask = 2147483647;
			files = (
				0B3BE6181AF921C200580B3F /* CalculatorTests.swift in Sources */,
			);
			runOnlyForDeploymentPostprocessing = 0;
		};
/* End PBXSourcesBuildPhase section */

/* Begin PBXTargetDependency section */
		0B3BE6131AF921C200580B3F /* PBXTargetDependency */ = {
			isa = PBXTargetDependency;
			target = 0B3BE5FB1AF921C200580B3F /* Calculator */;
			targetProxy = 0B3BE6121AF921C200580B3F /* PBXContainerItemProxy */;
		};
/* End PBXTargetDependency section */

/* Begin PBXVariantGroup section */
		0B3BE6051AF921C200580B3F /* Main.storyboard */ = {
			isa = PBXVariantGroup;
			children = (
				0B3BE6061AF921C200580B3F /* Base */,
			);
			name = Main.storyboard;
			sourceTree = "<group>";
		};
		0B3BE60A1AF921C200580B3F /* LaunchScreen.xib */ = {
			isa = PBXVariantGroup;
			children = (
				0B3BE60B1AF921C200580B3F /* Base */,
			);
			name = LaunchScreen.xib;
			sourceTree = "<group>";
		};
/* End PBXVariantGroup section */

/* Begin XCBuildConfiguration section */
		0B3BE6191AF921C200580B3F /* Debug */ = {
			isa = XCBuildConfiguration;
			buildSettings = {
				ALWAYS_SEARCH_USER_PATHS = NO;
				CLANG_CXX_LANGUAGE_STANDARD = "gnu++0x";
				CLANG_CXX_LIBRARY = "libc++";
				CLANG_ENABLE_MODULES = YES;
				CLANG_ENABLE_OBJC_ARC = YES;
				CLANG_WARN_BOOL_CONVERSION = YES;
				CLANG_WARN_CONSTANT_CONVERSION = YES;
				CLANG_WARN_DIRECT_OBJC_ISA_USAGE = YES_ERROR;
				CLANG_WARN_EMPTY_BODY = YES;
				CLANG_WARN_ENUM_CONVERSION = YES;
				CLANG_WARN_INT_CONVERSION = YES;
				CLANG_WARN_OBJC_ROOT_CLASS = YES_ERROR;
				CLANG_WARN_UNREACHABLE_CODE = YES;
				CLANG_WARN__DUPLICATE_METHOD_MATCH = YES;
				"CODE_SIGN_IDENTITY[sdk=iphoneos*]" = "iPhone Developer";
				COPY_PHASE_STRIP = NO;
				DEBUG_INFORMATION_FORMAT = "dwarf-with-dsym";
				ENABLE_STRICT_OBJC_MSGSEND = YES;
				GCC_C_LANGUAGE_STANDARD = gnu99;
				GCC_DYNAMIC_NO_PIC = NO;
				GCC_NO_COMMON_BLOCKS = YES;
				GCC_OPTIMIZATION_LEVEL = 0;
				GCC_PREPROCESSOR_DEFINITIONS = (
					"DEBUG=1",
					"$(inherited)",
				);
				GCC_SYMBOLS_PRIVATE_EXTERN = NO;
				GCC_WARN_64_TO_32_BIT_CONVERSION = YES;
				GCC_WARN_ABOUT_RETURN_TYPE = YES_ERROR;
				GCC_WARN_UNDECLARED_SELECTOR = YES;
				GCC_WARN_UNINITIALIZED_AUTOS = YES_AGGRESSIVE;
				GCC_WARN_UNUSED_FUNCTION = YES;
				GCC_WARN_UNUSED_VARIABLE = YES;
				IPHONEOS_DEPLOYMENT_TARGET = 8.3;
				MTL_ENABLE_DEBUG_INFO = YES;
				ONLY_ACTIVE_ARCH = YES;
				SDKROOT = iphoneos;
				SWIFT_OPTIMIZATION_LEVEL = "-Onone";
				TARGETED_DEVICE_FAMILY = "1,2";
			};
			name = Debug;
		};
		0B3BE61A1AF921C200580B3F /* Release */ = {
			isa = XCBuildConfiguration;
			buildSettings = {
				ALWAYS_SEARCH_USER_PATHS = NO;
				CLANG_CXX_LANGUAGE_STANDARD = "gnu++0x";
				CLANG_CXX_LIBRARY = "libc++";
				CLANG_ENABLE_MODULES = YES;
				CLANG_ENABLE_OBJC_ARC = YES;
				CLANG_WARN_BOOL_CONVERSION = YES;
				CLANG_WARN_CONSTANT_CONVERSION = YES;
				CLANG_WARN_DIRECT_OBJC_ISA_USAGE = YES_ERROR;
				CLANG_WARN_EMPTY_BODY = YES;
				CLANG_WARN_ENUM_CONVERSION = YES;
				CLANG_WARN_INT_CONVERSION = YES;
				CLANG_WARN_OBJC_ROOT_CLASS = YES_ERROR;
				CLANG_WARN_UNREACHABLE_CODE = YES;
				CLANG_WARN__DUPLICATE_METHOD_MATCH = YES;
				"CODE_SIGN_IDENTITY[sdk=iphoneos*]" = "iPhone Developer";
				COPY_PHASE_STRIP = NO;
				DEBUG_INFORMATION_FORMAT = "dwarf-with-dsym";
				ENABLE_NS_ASSERTIONS = NO;
				ENABLE_STRICT_OBJC_MSGSEND = YES;
				GCC_C_LANGUAGE_STANDARD = gnu99;
				GCC_NO_COMMON_BLOCKS = YES;
				GCC_WARN_64_TO_32_BIT_CONVERSION = YES;
				GCC_WARN_ABOUT_RETURN_TYPE = YES_ERROR;
				GCC_WARN_UNDECLARED_SELECTOR = YES;
				GCC_WARN_UNINITIALIZED_AUTOS = YES_AGGRESSIVE;
				GCC_WARN_UNUSED_FUNCTION = YES;
				GCC_WARN_UNUSED_VARIABLE = YES;
				IPHONEOS_DEPLOYMENT_TARGET = 8.3;
				MTL_ENABLE_DEBUG_INFO = NO;
				SDKROOT = iphoneos;
				TARGETED_DEVICE_FAMILY = "1,2";
				VALIDATE_PRODUCT = YES;
			};
			name = Release;
		};
		0B3BE61C1AF921C200580B3F /* Debug */ = {
			isa = XCBuildConfiguration;
			buildSettings = {
				ASSETCATALOG_COMPILER_APPICON_NAME = AppIcon;
				INFOPLIST_FILE = Calculator/Info.plist;
				IPHONEOS_DEPLOYMENT_TARGET = 8.2;
				LD_RUNPATH_SEARCH_PATHS = "$(inherited) @executable_path/Frameworks";
				PRODUCT_NAME = "$(TARGET_NAME)";
			};
			name = Debug;
		};
		0B3BE61D1AF921C200580B3F /* Release */ = {
			isa = XCBuildConfiguration;
			buildSettings = {
				ASSETCATALOG_COMPILER_APPICON_NAME = AppIcon;
				INFOPLIST_FILE = Calculator/Info.plist;
				IPHONEOS_DEPLOYMENT_TARGET = 8.2;
				LD_RUNPATH_SEARCH_PATHS = "$(inherited) @executable_path/Frameworks";
				PRODUCT_NAME = "$(TARGET_NAME)";
			};
			name = Release;
		};
		0B3BE61F1AF921C200580B3F /* Debug */ = {
			isa = XCBuildConfiguration;
			buildSettings = {
				BUNDLE_LOADER = "$(TEST_HOST)";
				FRAMEWORK_SEARCH_PATHS = (
					"$(SDKROOT)/Developer/Library/Frameworks",
					"$(inherited)",
				);
				GCC_PREPROCESSOR_DEFINITIONS = (
					"DEBUG=1",
					"$(inherited)",
				);
				INFOPLIST_FILE = CalculatorTests/Info.plist;
				IPHONEOS_DEPLOYMENT_TARGET = 8.2;
				LD_RUNPATH_SEARCH_PATHS = "$(inherited) @executable_path/Frameworks @loader_path/Frameworks";
				PRODUCT_NAME = "$(TARGET_NAME)";
				TEST_HOST = "$(BUILT_PRODUCTS_DIR)/Calculator.app/Calculator";
			};
			name = Debug;
		};
		0B3BE6201AF921C200580B3F /* Release */ = {
			isa = XCBuildConfiguration;
			buildSettings = {
				BUNDLE_LOADER = "$(TEST_HOST)";
				FRAMEWORK_SEARCH_PATHS = (
					"$(SDKROOT)/Developer/Library/Frameworks",
					"$(inherited)",
				);
				INFOPLIST_FILE = CalculatorTests/Info.plist;
				IPHONEOS_DEPLOYMENT_TARGET = 8.2;
				LD_RUNPATH_SEARCH_PATHS = "$(inherited) @executable_path/Frameworks @loader_path/Frameworks";
				PRODUCT_NAME = "$(TARGET_NAME)";
				TEST_HOST = "$(BUILT_PRODUCTS_DIR)/Calculator.app/Calculator";
			};
			name = Release;
		};
/* End XCBuildConfiguration section */

/* Begin XCConfigurationList section */
		0B3BE5F71AF921C200580B3F /* Build configuration list for PBXProject "Calculator" */ = {
			isa = XCConfigurationList;
			buildConfigurations = (
				0B3BE6191AF921C200580B3F /* Debug */,
				0B3BE61A1AF921C200580B3F /* Release */,
			);
			defaultConfigurationIsVisible = 0;
			defaultConfigurationName = Release;
		};
		0B3BE61B1AF921C200580B3F /* Build configuration list for PBXNativeTarget "Calculator" */ = {
			isa = XCConfigurationList;
			buildConfigurations = (
				0B3BE61C1AF921C200580B3F /* Debug */,
				0B3BE61D1AF921C200580B3F /* Release */,
			);
			defaultConfigurationIsVisible = 0;
			defaultConfigurationName = Release;
		};
		0B3BE61E1AF921C200580B3F /* Build configuration list for PBXNativeTarget "CalculatorTests" */ = {
			isa = XCConfigurationList;
			buildConfigurations = (
				0B3BE61F1AF921C200580B3F /* Debug */,
				0B3BE6201AF921C200580B3F /* Release */,
			);
			defaultConfigurationIsVisible = 0;
			defaultConfigurationName = Release;
		};
/* End XCConfigurationList section */
	};
	rootObject = 0B3BE5F41AF921C200580B3F /* Project object */;
}
